
Microsoft Visual Studio Solution File, Format Version 12.00
# Visual Studio Version 17
VisualStudioVersion = 17.2.32630.192
MinimumVisualStudioVersion = 10.0.40219.1
Project("{FAE04EC0-301F-11D3-BF4B-00C04F79EFBC}") = "Declaring_Delegates", "Declaring_Delegates\Declaring_Delegates.csproj", "{45675719-BDEE-493B-AB45-9F8A317955DA}"
EndProject
Project("{FAE04EC0-301F-11D3-BF4B-00C04F79EFBC}") = "Static_And_Instance_Mapping", "Static_And_Instance_Mapping\Static_And_Instance_Mapping.csproj", "{3D641713-B24D-41B8-AD6F-FA40444FFFB5}"
EndProject
Project("{FAE04EC0-301F-11D3-BF4B-00C04F79EFBC}") = "Multicast_Delegates", "Multicast_Delegates\Multicast_Delegates.csproj", "{442D84EF-CD28-4443-9DA6-08AC80F700DA}"
EndProject
Global
	GlobalSection(SolutionConfigurationPlatforms) = preSolution
		Debug|Any CPU = Debug|Any CPU
		Release|Any CPU = Release|Any CPU
	EndGlobalSection
	GlobalSection(ProjectConfigurationPlatforms) = postSolution
		{45675719-BDEE-493B-AB45-9F8A317955DA}.Debug|Any CPU.ActiveCfg = Debug|Any CPU
		{45675719-BDEE-493B-AB45-9F8A317955DA}.Debug|Any CPU.Build.0 = Debug|Any CPU
		{45675719-BDEE-493B-AB45-9F8A317955DA}.Release|Any CPU.ActiveCfg = Release|Any CPU
		{45675719-BDEE-493B-AB45-9F8A317955DA}.Release|Any CPU.Build.0 = Release|Any CPU
		{3D641713-B24D-41B8-AD6F-FA40444FFFB5}.Debug|Any CPU.ActiveCfg = Debug|Any CPU
		{3D641713-B24D-41B8-AD6F-FA40444FFFB5}.Debug|Any CPU.Build.0 = Debug|Any CPU
		{3D641713-B24D-41B8-AD6F-FA40444FFFB5}.Release|Any CPU.ActiveCfg = Release|Any CPU
		{3D641713-B24D-41B8-AD6F-FA40444FFFB5}.Release|Any CPU.Build.0 = Release|Any CPU
		{442D84EF-CD28-4443-9DA6-08AC80F700DA}.Debug|Any CPU.ActiveCfg = Debug|Any CPU
		{442D84EF-CD28-4443-9DA6-08AC80F700DA}.Debug|Any CPU.Build.0 = Debug|Any CPU
		{442D84EF-CD28-4443-9DA6-08AC80F700DA}.Release|Any CPU.ActiveCfg = Release|Any CPU
		{442D84EF-CD28-4443-9DA6-08AC80F700DA}.Release|Any CPU.Build.0 = Release|Any CPU
	EndGlobalSection
	GlobalSection(SolutionProperties) = preSolution
		HideSolutionNode = FALSE
	EndGlobalSection
	GlobalSection(ExtensibilityGlobals) = postSolution
		SolutionGuid = {46E78752-FEA9-4F6D-A54D-56F8513C66F3}
	EndGlobalSection
EndGlobal
